
Microsoft Visual Studio Solution File, Format Version 12.00
# Visual Studio Version 17
VisualStudioVersion = 17.7.34221.43
MinimumVisualStudioVersion = 10.0.40219.1
Project("{FAE04EC0-301F-11D3-BF4B-00C04F79EFBC}") = "PETSHOP DESKTOP", "PETSHOP DESKTOP\PETSHOP DESKTOP.csproj", "{557A835F-BFF1-417C-86B9-C8F51FA83CE9}"
EndProject
Global
	GlobalSection(SolutionConfigurationPlatforms) = preSolution
		Debug|Any CPU = Debug|Any CPU
		Release|Any CPU = Release|Any CPU
	EndGlobalSection
	GlobalSection(ProjectConfigurationPlatforms) = postSolution
		{557A835F-BFF1-417C-86B9-C8F51FA83CE9}.Debug|Any CPU.ActiveCfg = Debug|Any CPU
		{557A835F-BFF1-417C-86B9-C8F51FA83CE9}.Debug|Any CPU.Build.0 = Debug|Any CPU
		{557A835F-BFF1-417C-86B9-C8F51FA83CE9}.Release|Any CPU.ActiveCfg = Release|Any CPU
		{557A835F-BFF1-417C-86B9-C8F51FA83CE9}.Release|Any CPU.Build.0 = Release|Any CPU
	EndGlobalSection
	GlobalSection(SolutionProperties) = preSolution
		HideSolutionNode = FALSE
	EndGlobalSection
	GlobalSection(ExtensibilityGlobals) = postSolution
		SolutionGuid = {38656365-1C37-4425-A97F-76445A6DA48C}
	EndGlobalSection
EndGlobal
